
Microsoft Visual Studio Solution File, Format Version 12.00
# Visual Studio Version 17
VisualStudioVersion = 17.3.32825.248
MinimumVisualStudioVersion = 10.0.40219.1
Project("{9A19103F-16F7-4668-BE54-9A1E7A4F7556}") = "ConsoleAppYear3", "ConsoleAppYear3\ConsoleAppYear3.csproj", "{1393152E-E34E-4007-8EF8-735254A87E6D}"
EndProject
Project("{FAE04EC0-301F-11D3-BF4B-00C04F79EFBC}") = "ConsoleApp2Year3", "ConsoleApp2Year3\ConsoleApp2Year3.csproj", "{45F67CFA-974E-4D2C-BEE0-6A65CDF277DB}"
EndProject
Global
	GlobalSection(SolutionConfigurationPlatforms) = preSolution
		Debug|Any CPU = Debug|Any CPU
		Release|Any CPU = Release|Any CPU
	EndGlobalSection
	GlobalSection(ProjectConfigurationPlatforms) = postSolution
		{1393152E-E34E-4007-8EF8-735254A87E6D}.Debug|Any CPU.ActiveCfg = Debug|Any CPU
		{1393152E-E34E-4007-8EF8-735254A87E6D}.Debug|Any CPU.Build.0 = Debug|Any CPU
		{1393152E-E34E-4007-8EF8-735254A87E6D}.Release|Any CPU.ActiveCfg = Release|Any CPU
		{1393152E-E34E-4007-8EF8-735254A87E6D}.Release|Any CPU.Build.0 = Release|Any CPU
		{45F67CFA-974E-4D2C-BEE0-6A65CDF277DB}.Debug|Any CPU.ActiveCfg = Debug|Any CPU
		{45F67CFA-974E-4D2C-BEE0-6A65CDF277DB}.Debug|Any CPU.Build.0 = Debug|Any CPU
		{45F67CFA-974E-4D2C-BEE0-6A65CDF277DB}.Release|Any CPU.ActiveCfg = Release|Any CPU
		{45F67CFA-974E-4D2C-BEE0-6A65CDF277DB}.Release|Any CPU.Build.0 = Release|Any CPU
	EndGlobalSection
	GlobalSection(SolutionProperties) = preSolution
		HideSolutionNode = FALSE
	EndGlobalSection
	GlobalSection(ExtensibilityGlobals) = postSolution
		SolutionGuid = {D4FCE714-B2D0-49CD-915C-3EE56DB29006}
	EndGlobalSection
EndGlobal
